
Microsoft Visual Studio Solution File, Format Version 12.00
Project("{FAE04EC0-301F-11D3-BF4B-00C04F79EFBC}") = "ItransitionCourseProject", "ItransitionCourseProject\ItransitionCourseProject.csproj", "{F81DE99B-9A86-43FA-A980-396871ABB14A}"
EndProject
Global
	GlobalSection(SolutionConfigurationPlatforms) = preSolution
		Debug|Any CPU = Debug|Any CPU
		Release|Any CPU = Release|Any CPU
	EndGlobalSection
	GlobalSection(ProjectConfigurationPlatforms) = postSolution
		{F81DE99B-9A86-43FA-A980-396871ABB14A}.Debug|Any CPU.ActiveCfg = Debug|Any CPU
		{F81DE99B-9A86-43FA-A980-396871ABB14A}.Debug|Any CPU.Build.0 = Debug|Any CPU
		{F81DE99B-9A86-43FA-A980-396871ABB14A}.Release|Any CPU.ActiveCfg = Release|Any CPU
		{F81DE99B-9A86-43FA-A980-396871ABB14A}.Release|Any CPU.Build.0 = Release|Any CPU
	EndGlobalSection
EndGlobal
